// !$*UTF8*$!
{
	archiveVersion = 1;
	classes = {
	};
	objectVersion = 46;
	objects = {

/* Begin PBXBuildFile section */
		B1874D401CE41A1100FEC597 /* AppDelegate.swift in Sources */ = {isa = PBXBuildFile; fileRef = B1874D3F1CE41A1100FEC597 /* AppDelegate.swift */; };
		B1874D421CE41A1100FEC597 /* ViewController.swift in Sources */ = {isa = PBXBuildFile; fileRef = B1874D411CE41A1100FEC597 /* ViewController.swift */; };
		B1874D451CE41A1100FEC597 /* Main.storyboard in Resources */ = {isa = PBXBuildFile; fileRef = B1874D431CE41A1100FEC597 /* Main.storyboard */; };
		B1874D471CE41A1100FEC597 /* Assets.xcassets in Resources */ = {isa = PBXBuildFile; fileRef = B1874D461CE41A1100FEC597 /* Assets.xcassets */; };
		B1874D4A1CE41A1100FEC597 /* LaunchScreen.storyboard in Resources */ = {isa = PBXBuildFile; fileRef = B1874D481CE41A1100FEC597 /* LaunchScreen.storyboard */; };
		B1874D551CE41A1100FEC597 /* tieuhoc6Tests.swift in Sources */ = {isa = PBXBuildFile; fileRef = B1874D541CE41A1100FEC597 /* tieuhoc6Tests.swift */; };
		B1874D601CE41A1100FEC597 /* tieuhoc6UITests.swift in Sources */ = {isa = PBXBuildFile; fileRef = B1874D5F1CE41A1100FEC597 /* tieuhoc6UITests.swift */; };
		B1874D6E1CE41A1700FEC597 /* tieuhoc6.txt in Resources */ = {isa = PBXBuildFile; fileRef = B1874D6D1CE41A1700FEC597 /* tieuhoc6.txt */; };
/* End PBXBuildFile section */

/* Begin PBXContainerItemProxy section */
		B1874D511CE41A1100FEC597 /* PBXContainerItemProxy */ = {
			isa = PBXContainerItemProxy;
			containerPortal = B1874D341CE41A1100FEC597 /* Project object */;
			proxyType = 1;
			remoteGlobalIDString = B1874D3B1CE41A1100FEC597;
			remoteInfo = tieuhoc6;
		};
		B1874D5C1CE41A1100FEC597 /* PBXContainerItemProxy */ = {
			isa = PBXContainerItemProxy;
			containerPortal = B1874D341CE41A1100FEC597 /* Project object */;
			proxyType = 1;
			remoteGlobalIDString = B1874D3B1CE41A1100FEC597;
			remoteInfo = tieuhoc6;
		};
/* End PBXContainerItemProxy section */

/* Begin PBXFileReference section */
		B1874D3C1CE41A1100FEC597 /* tieuhoc6.app */ = {isa = PBXFileReference; explicitFileType = wrapper.application; includeInIndex = 0; path = tieuhoc6.app; sourceTree = BUILT_PRODUCTS_DIR; };
		B1874D3F1CE41A1100FEC597 /* AppDelegate.swift */ = {isa = PBXFileReference; lastKnownFileType = sourcecode.swift; path = AppDelegate.swift; sourceTree = "<group>"; };
		B1874D411CE41A1100FEC597 /* ViewController.swift */ = {isa = PBXFileReference; lastKnownFileType = sourcecode.swift; path = ViewController.swift; sourceTree = "<group>"; };
		B1874D441CE41A1100FEC597 /* Base */ = {isa = PBXFileReference; lastKnownFileType = file.storyboard; name = Base; path = Base.lproj/Main.storyboard; sourceTree = "<group>"; };
		B1874D461CE41A1100FEC597 /* Assets.xcassets */ = {isa = PBXFileReference; lastKnownFileType = folder.assetcatalog; path = Assets.xcassets; sourceTree = "<group>"; };
		B1874D491CE41A1100FEC597 /* Base */ = {isa = PBXFileReference; lastKnownFileType = file.storyboard; name = Base; path = Base.lproj/LaunchScreen.storyboard; sourceTree = "<group>"; };
		B1874D4B1CE41A1100FEC597 /* Info.plist */ = {isa = PBXFileReference; lastKnownFileType = text.plist.xml; path = Info.plist; sourceTree = "<group>"; };
		B1874D501CE41A1100FEC597 /* tieuhoc6Tests.xctest */ = {isa = PBXFileReference; explicitFileType = wrapper.cfbundle; includeInIndex = 0; path = tieuhoc6Tests.xctest; sourceTree = BUILT_PRODUCTS_DIR; };
		B1874D541CE41A1100FEC597 /* tieuhoc6Tests.swift */ = {isa = PBXFileReference; lastKnownFileType = sourcecode.swift; path = tieuhoc6Tests.swift; sourceTree = "<group>"; };
		B1874D561CE41A1100FEC597 /* Info.plist */ = {isa = PBXFileReference; lastKnownFileType = text.plist.xml; path = Info.plist; sourceTree = "<group>"; };
		B1874D5B1CE41A1100FEC597 /* tieuhoc6UITests.xctest */ = {isa = PBXFileReference; explicitFileType = wrapper.cfbundle; includeInIndex = 0; path = tieuhoc6UITests.xctest; sourceTree = BUILT_PRODUCTS_DIR; };
		B1874D5F1CE41A1100FEC597 /* tieuhoc6UITests.swift */ = {isa = PBXFileReference; lastKnownFileType = sourcecode.swift; path = tieuhoc6UITests.swift; sourceTree = "<group>"; };
		B1874D611CE41A1100FEC597 /* Info.plist */ = {isa = PBXFileReference; lastKnownFileType = text.plist.xml; path = Info.plist; sourceTree = "<group>"; };
		B1874D6D1CE41A1700FEC597 /* tieuhoc6.txt */ = {isa = PBXFileReference; fileEncoding = 4; lastKnownFileType = text; path = tieuhoc6.txt; sourceTree = "<group>"; };
/* End PBXFileReference section */

/* Begin PBXFrameworksBuildPhase section */
		B1874D391CE41A1100FEC597 /* Frameworks */ = {
			isa = PBXFrameworksBuildPhase;
			buildActionMask = 2147483647;
			files = (
			);
			runOnlyForDeploymentPostprocessing = 0;
		};
		B1874D4D1CE41A1100FEC597 /* Frameworks */ = {
			isa = PBXFrameworksBuildPhase;
			buildActionMask = 2147483647;
			files = (
			);
			runOnlyForDeploymentPostprocessing = 0;
		};
		B1874D581CE41A1100FEC597 /* Frameworks */ = {
			isa = PBXFrameworksBuildPhase;
			buildActionMask = 2147483647;
			files = (
			);
			runOnlyForDeploymentPostprocessing = 0;
		};
/* End PBXFrameworksBuildPhase section */

/* Begin PBXGroup section */
		B1874D331CE41A1100FEC597 = {
			isa = PBXGroup;
			children = (
				B1874D3E1CE41A1100FEC597 /* tieuhoc6 */,
				B1874D531CE41A1100FEC597 /* tieuhoc6Tests */,
				B1874D5E1CE41A1100FEC597 /* tieuhoc6UITests */,
				B1874D3D1CE41A1100FEC597 /* Products */,
			);
			sourceTree = "<group>";
		};
		B1874D3D1CE41A1100FEC597 /* Products */ = {
			isa = PBXGroup;
			children = (
				B1874D3C1CE41A1100FEC597 /* tieuhoc6.app */,
				B1874D501CE41A1100FEC597 /* tieuhoc6Tests.xctest */,
				B1874D5B1CE41A1100FEC597 /* tieuhoc6UITests.xctest */,
			);
			name = Products;
			sourceTree = "<group>";
		};
		B1874D3E1CE41A1100FEC597 /* tieuhoc6 */ = {
			isa = PBXGroup;
			children = (
				B1874D6D1CE41A1700FEC597 /* tieuhoc6.txt */,
				B1874D3F1CE41A1100FEC597 /* AppDelegate.swift */,
				B1874D411CE41A1100FEC597 /* ViewController.swift */,
				B1874D431CE41A1100FEC597 /* Main.storyboard */,
				B1874D461CE41A1100FEC597 /* Assets.xcassets */,
				B1874D481CE41A1100FEC597 /* LaunchScreen.storyboard */,
				B1874D4B1CE41A1100FEC597 /* Info.plist */,
			);
			path = tieuhoc6;
			sourceTree = "<group>";
		};
		B1874D531CE41A1100FEC597 /* tieuhoc6Tests */ = {
			isa = PBXGroup;
			children = (
				B1874D541CE41A1100FEC597 /* tieuhoc6Tests.swift */,
				B1874D561CE41A1100FEC597 /* Info.plist */,
			);
			path = tieuhoc6Tests;
			sourceTree = "<group>";
		};
		B1874D5E1CE41A1100FEC597 /* tieuhoc6UITests */ = {
			isa = PBXGroup;
			children = (
				B1874D5F1CE41A1100FEC597 /* tieuhoc6UITests.swift */,
				B1874D611CE41A1100FEC597 /* Info.plist */,
			);
			path = tieuhoc6UITests;
			sourceTree = "<group>";
		};
/* End PBXGroup section */

/* Begin PBXNativeTarget section */
		B1874D3B1CE41A1100FEC597 /* tieuhoc6 */ = {
			isa = PBXNativeTarget;
			buildConfigurationList = B1874D641CE41A1100FEC597 /* Build configuration list for PBXNativeTarget "tieuhoc6" */;
			buildPhases = (
				B1874D381CE41A1100FEC597 /* Sources */,
				B1874D391CE41A1100FEC597 /* Frameworks */,
				B1874D3A1CE41A1100FEC597 /* Resources */,
			);
			buildRules = (
			);
			dependencies = (
			);
			name = tieuhoc6;
			productName = tieuhoc6;
			productReference = B1874D3C1CE41A1100FEC597 /* tieuhoc6.app */;
			productType = "com.apple.product-type.application";
		};
		B1874D4F1CE41A1100FEC597 /* tieuhoc6Tests */ = {
			isa = PBXNativeTarget;
			buildConfigurationList = B1874D671CE41A1100FEC597 /* Build configuration list for PBXNativeTarget "tieuhoc6Tests" */;
			buildPhases = (
				B1874D4C1CE41A1100FEC597 /* Sources */,
				B1874D4D1CE41A1100FEC597 /* Frameworks */,
				B1874D4E1CE41A1100FEC597 /* Resources */,
			);
			buildRules = (
			);
			dependencies = (
				B1874D521CE41A1100FEC597 /* PBXTargetDependency */,
			);
			name = tieuhoc6Tests;
			productName = tieuhoc6Tests;
			productReference = B1874D501CE41A1100FEC597 /* tieuhoc6Tests.xctest */;
			productType = "com.apple.product-type.bundle.unit-test";
		};
		B1874D5A1CE41A1100FEC597 /* tieuhoc6UITests */ = {
			isa = PBXNativeTarget;
			buildConfigurationList = B1874D6A1CE41A1100FEC597 /* Build configuration list for PBXNativeTarget "tieuhoc6UITests" */;
			buildPhases = (
				B1874D571CE41A1100FEC597 /* Sources */,
				B1874D581CE41A1100FEC597 /* Frameworks */,
				B1874D591CE41A1100FEC597 /* Resources */,
			);
			buildRules = (
			);
			dependencies = (
				B1874D5D1CE41A1100FEC597 /* PBXTargetDependency */,
			);
			name = tieuhoc6UITests;
			productName = tieuhoc6UITests;
			productReference = B1874D5B1CE41A1100FEC597 /* tieuhoc6UITests.xctest */;
			productType = "com.apple.product-type.bundle.ui-testing";
		};
/* End PBXNativeTarget section */

/* Begin PBXProject section */
		B1874D341CE41A1100FEC597 /* Project object */ = {
			isa = PBXProject;
			attributes = {
				LastSwiftUpdateCheck = 0720;
				LastUpgradeCheck = 0720;
				ORGANIZATIONNAME = "Nguyễn Văn Tú";
				TargetAttributes = {
					B1874D3B1CE41A1100FEC597 = {
						CreatedOnToolsVersion = 7.2.1;
					};
					B1874D4F1CE41A1100FEC597 = {
						CreatedOnToolsVersion = 7.2.1;
						TestTargetID = B1874D3B1CE41A1100FEC597;
					};
					B1874D5A1CE41A1100FEC597 = {
						CreatedOnToolsVersion = 7.2.1;
						TestTargetID = B1874D3B1CE41A1100FEC597;
					};
				};
			};
			buildConfigurationList = B1874D371CE41A1100FEC597 /* Build configuration list for PBXProject "tieuhoc6" */;
			compatibilityVersion = "Xcode 3.2";
			developmentRegion = English;
			hasScannedForEncodings = 0;
			knownRegions = (
				en,
				Base,
			);
			mainGroup = B1874D331CE41A1100FEC597;
			productRefGroup = B1874D3D1CE41A1100FEC597 /* Products */;
			projectDirPath = "";
			projectRoot = "";
			targets = (
				B1874D3B1CE41A1100FEC597 /* tieuhoc6 */,
				B1874D4F1CE41A1100FEC597 /* tieuhoc6Tests */,
				B1874D5A1CE41A1100FEC597 /* tieuhoc6UITests */,
			);
		};
/* End PBXProject section */

/* Begin PBXResourcesBuildPhase section */
		B1874D3A1CE41A1100FEC597 /* Resources */ = {
			isa = PBXResourcesBuildPhase;
			buildActionMask = 2147483647;
			files = (
				B1874D4A1CE41A1100FEC597 /* LaunchScreen.storyboard in Resources */,
				B1874D471CE41A1100FEC597 /* Assets.xcassets in Resources */,
				B1874D6E1CE41A1700FEC597 /* tieuhoc6.txt in Resources */,
				B1874D451CE41A1100FEC597 /* Main.storyboard in Resources */,
			);
			runOnlyForDeploymentPostprocessing = 0;
		};
		B1874D4E1CE41A1100FEC597 /* Resources */ = {
			isa = PBXResourcesBuildPhase;
			buildActionMask = 2147483647;
			files = (
			);
			runOnlyForDeploymentPostprocessing = 0;
		};
		B1874D591CE41A1100FEC597 /* Resources */ = {
			isa = PBXResourcesBuildPhase;
			buildActionMask = 2147483647;
			files = (
			);
			runOnlyForDeploymentPostprocessing = 0;
		};
/* End PBXResourcesBuildPhase section */

/* Begin PBXSourcesBuildPhase section */
		B1874D381CE41A1100FEC597 /* Sources */ = {
			isa = PBXSourcesBuildPhase;
			buildActionMask = 2147483647;
			files = (
				B1874D421CE41A1100FEC597 /* ViewController.swift in Sources */,
				B1874D401CE41A1100FEC597 /* AppDelegate.swift in Sources */,
			);
			runOnlyForDeploymentPostprocessing = 0;
		};
		B1874D4C1CE41A1100FEC597 /* Sources */ = {
			isa = PBXSourcesBuildPhase;
			buildActionMask = 2147483647;
			files = (
				B1874D551CE41A1100FEC597 /* tieuhoc6Tests.swift in Sources */,
			);
			runOnlyForDeploymentPostprocessing = 0;
		};
		B1874D571CE41A1100FEC597 /* Sources */ = {
			isa = PBXSourcesBuildPhase;
			buildActionMask = 2147483647;
			files = (
				B1874D601CE41A1100FEC597 /* tieuhoc6UITests.swift in Sources */,
			);
			runOnlyForDeploymentPostprocessing = 0;
		};
/* End PBXSourcesBuildPhase section */

/* Begin PBXTargetDependency section */
		B1874D521CE41A1100FEC597 /* PBXTargetDependency */ = {
			isa = PBXTargetDependency;
			target = B1874D3B1CE41A1100FEC597 /* tieuhoc6 */;
			targetProxy = B1874D511CE41A1100FEC597 /* PBXContainerItemProxy */;
		};
		B1874D5D1CE41A1100FEC597 /* PBXTargetDependency */ = {
			isa = PBXTargetDependency;
			target = B1874D3B1CE41A1100FEC597 /* tieuhoc6 */;
			targetProxy = B1874D5C1CE41A1100FEC597 /* PBXContainerItemProxy */;
		};
/* End PBXTargetDependency section */

/* Begin PBXVariantGroup section */
		B1874D431CE41A1100FEC597 /* Main.storyboard */ = {
			isa = PBXVariantGroup;
			children = (
				B1874D441CE41A1100FEC597 /* Base */,
			);
			name = Main.storyboard;
			sourceTree = "<group>";
		};
		B1874D481CE41A1100FEC597 /* LaunchScreen.storyboard */ = {
			isa = PBXVariantGroup;
			children = (
				B1874D491CE41A1100FEC597 /* Base */,
			);
			name = LaunchScreen.storyboard;
			sourceTree = "<group>";
		};
/* End PBXVariantGroup section */

/* Begin XCBuildConfiguration section */
		B1874D621CE41A1100FEC597 /* Debug */ = {
			isa = XCBuildConfiguration;
			buildSettings = {
				ALWAYS_SEARCH_USER_PATHS = NO;
				CLANG_CXX_LANGUAGE_STANDARD = "gnu++0x";
				CLANG_CXX_LIBRARY = "libc++";
				CLANG_ENABLE_MODULES = YES;
				CLANG_ENABLE_OBJC_ARC = YES;
				CLANG_WARN_BOOL_CONVERSION = YES;
				CLANG_WARN_CONSTANT_CONVERSION = YES;
				CLANG_WARN_DIRECT_OBJC_ISA_USAGE = YES_ERROR;
				CLANG_WARN_EMPTY_BODY = YES;
				CLANG_WARN_ENUM_CONVERSION = YES;
				CLANG_WARN_INT_CONVERSION = YES;
				CLANG_WARN_OBJC_ROOT_CLASS = YES_ERROR;
				CLANG_WARN_UNREACHABLE_CODE = YES;
				CLANG_WARN__DUPLICATE_METHOD_MATCH = YES;
				"CODE_SIGN_IDENTITY[sdk=iphoneos*]" = "iPhone Developer";
				COPY_PHASE_STRIP = NO;
				DEBUG_INFORMATION_FORMAT = dwarf;
				ENABLE_STRICT_OBJC_MSGSEND = YES;
				ENABLE_TESTABILITY = YES;
				GCC_C_LANGUAGE_STANDARD = gnu99;
				GCC_DYNAMIC_NO_PIC = NO;
				GCC_NO_COMMON_BLOCKS = YES;
				GCC_OPTIMIZATION_LEVEL = 0;
				GCC_PREPROCESSOR_DEFINITIONS = (
					"DEBUG=1",
					"$(inherited)",
				);
				GCC_WARN_64_TO_32_BIT_CONVERSION = YES;
				GCC_WARN_ABOUT_RETURN_TYPE = YES_ERROR;
				GCC_WARN_UNDECLARED_SELECTOR = YES;
				GCC_WARN_UNINITIALIZED_AUTOS = YES_AGGRESSIVE;
				GCC_WARN_UNUSED_FUNCTION = YES;
				GCC_WARN_UNUSED_VARIABLE = YES;
				IPHONEOS_DEPLOYMENT_TARGET = 9.2;
				MTL_ENABLE_DEBUG_INFO = YES;
				ONLY_ACTIVE_ARCH = YES;
				SDKROOT = iphoneos;
				SWIFT_OPTIMIZATION_LEVEL = "-Onone";
				TARGETED_DEVICE_FAMILY = "1,2";
			};
			name = Debug;
		};
		B1874D631CE41A1100FEC597 /* Release */ = {
			isa = XCBuildConfiguration;
			buildSettings = {
				ALWAYS_SEARCH_USER_PATHS = NO;
				CLANG_CXX_LANGUAGE_STANDARD = "gnu++0x";
				CLANG_CXX_LIBRARY = "libc++";
				CLANG_ENABLE_MODULES = YES;
				CLANG_ENABLE_OBJC_ARC = YES;
				CLANG_WARN_BOOL_CONVERSION = YES;
				CLANG_WARN_CONSTANT_CONVERSION = YES;
				CLANG_WARN_DIRECT_OBJC_ISA_USAGE = YES_ERROR;
				CLANG_WARN_EMPTY_BODY = YES;
				CLANG_WARN_ENUM_CONVERSION = YES;
				CLANG_WARN_INT_CONVERSION = YES;
				CLANG_WARN_OBJC_ROOT_CLASS = YES_ERROR;
				CLANG_WARN_UNREACHABLE_CODE = YES;
				CLANG_WARN__DUPLICATE_METHOD_MATCH = YES;
				"CODE_SIGN_IDENTITY[sdk=iphoneos*]" = "iPhone Developer";
				COPY_PHASE_STRIP = NO;
				DEBUG_INFORMATION_FORMAT = "dwarf-with-dsym";
				ENABLE_NS_ASSERTIONS = NO;
				ENABLE_STRICT_OBJC_MSGSEND = YES;
				GCC_C_LANGUAGE_STANDARD = gnu99;
				GCC_NO_COMMON_BLOCKS = YES;
				GCC_WARN_64_TO_32_BIT_CONVERSION = YES;
				GCC_WARN_ABOUT_RETURN_TYPE = YES_ERROR;
				GCC_WARN_UNDECLARED_SELECTOR = YES;
				GCC_WARN_UNINITIALIZED_AUTOS = YES_AGGRESSIVE;
				GCC_WARN_UNUSED_FUNCTION = YES;
				GCC_WARN_UNUSED_VARIABLE = YES;
				IPHONEOS_DEPLOYMENT_TARGET = 9.2;
				MTL_ENABLE_DEBUG_INFO = NO;
				SDKROOT = iphoneos;
				TARGETED_DEVICE_FAMILY = "1,2";
				VALIDATE_PRODUCT = YES;
			};
			name = Release;
		};
		B1874D651CE41A1100FEC597 /* Debug */ = {
			isa = XCBuildConfiguration;
			buildSettings = {
				ASSETCATALOG_COMPILER_APPICON_NAME = AppIcon;
				INFOPLIST_FILE = tieuhoc6/Info.plist;
				LD_RUNPATH_SEARCH_PATHS = "$(inherited) @executable_path/Frameworks";
				PRODUCT_BUNDLE_IDENTIFIER = com.vnt.tieuhoc6;
				PRODUCT_NAME = "$(TARGET_NAME)";
			};
			name = Debug;
		};
		B1874D661CE41A1100FEC597 /* Release */ = {
			isa = XCBuildConfiguration;
			buildSettings = {
				ASSETCATALOG_COMPILER_APPICON_NAME = AppIcon;
				INFOPLIST_FILE = tieuhoc6/Info.plist;
				LD_RUNPATH_SEARCH_PATHS = "$(inherited) @executable_path/Frameworks";
				PRODUCT_BUNDLE_IDENTIFIER = com.vnt.tieuhoc6;
				PRODUCT_NAME = "$(TARGET_NAME)";
			};
			name = Release;
		};
		B1874D681CE41A1100FEC597 /* Debug */ = {
			isa = XCBuildConfiguration;
			buildSettings = {
				BUNDLE_LOADER = "$(TEST_HOST)";
				INFOPLIST_FILE = tieuhoc6Tests/Info.plist;
				LD_RUNPATH_SEARCH_PATHS = "$(inherited) @executable_path/Frameworks @loader_path/Frameworks";
				PRODUCT_BUNDLE_IDENTIFIER = com.vnt.tieuhoc6Tests;
				PRODUCT_NAME = "$(TARGET_NAME)";
				TEST_HOST = "$(BUILT_PRODUCTS_DIR)/tieuhoc6.app/tieuhoc6";
			};
			name = Debug;
		};
		B1874D691CE41A1100FEC597 /* Release */ = {
			isa = XCBuildConfiguration;
			buildSettings = {
				BUNDLE_LOADER = "$(TEST_HOST)";
				INFOPLIST_FILE = tieuhoc6Tests/Info.plist;
				LD_RUNPATH_SEARCH_PATHS = "$(inherited) @executable_path/Frameworks @loader_path/Frameworks";
				PRODUCT_BUNDLE_IDENTIFIER = com.vnt.tieuhoc6Tests;
				PRODUCT_NAME = "$(TARGET_NAME)";
				TEST_HOST = "$(BUILT_PRODUCTS_DIR)/tieuhoc6.app/tieuhoc6";
			};
			name = Release;
		};
		B1874D6B1CE41A1100FEC597 /* Debug */ = {
			isa = XCBuildConfiguration;
			buildSettings = {
				INFOPLIST_FILE = tieuhoc6UITests/Info.plist;
				LD_RUNPATH_SEARCH_PATHS = "$(inherited) @executable_path/Frameworks @loader_path/Frameworks";
				PRODUCT_BUNDLE_IDENTIFIER = com.vnt.tieuhoc6UITests;
				PRODUCT_NAME = "$(TARGET_NAME)";
				TEST_TARGET_NAME = tieuhoc6;
				USES_XCTRUNNER = YES;
			};
			name = Debug;
		};
		B1874D6C1CE41A1100FEC597 /* Release */ = {
			isa = XCBuildConfiguration;
			buildSettings = {
				INFOPLIST_FILE = tieuhoc6UITests/Info.plist;
				LD_RUNPATH_SEARCH_PATHS = "$(inherited) @executable_path/Frameworks @loader_path/Frameworks";
				PRODUCT_BUNDLE_IDENTIFIER = com.vnt.tieuhoc6UITests;
				PRODUCT_NAME = "$(TARGET_NAME)";
				TEST_TARGET_NAME = tieuhoc6;
				USES_XCTRUNNER = YES;
			};
			name = Release;
		};
/* End XCBuildConfiguration section */

/* Begin XCConfigurationList section */
		B1874D371CE41A1100FEC597 /* Build configuration list for PBXProject "tieuhoc6" */ = {
			isa = XCConfigurationList;
			buildConfigurations = (
				B1874D621CE41A1100FEC597 /* Debug */,
				B1874D631CE41A1100FEC597 /* Release */,
			);
			defaultConfigurationIsVisible = 0;
			defaultConfigurationName = Release;
		};
		B1874D641CE41A1100FEC597 /* Build configuration list for PBXNativeTarget "tieuhoc6" */ = {
			isa = XCConfigurationList;
			buildConfigurations = (
				B1874D651CE41A1100FEC597 /* Debug */,
				B1874D661CE41A1100FEC597 /* Release */,
			);
			defaultConfigurationIsVisible = 0;
		};
		B1874D671CE41A1100FEC597 /* Build configuration list for PBXNativeTarget "tieuhoc6Tests" */ = {
			isa = XCConfigurationList;
			buildConfigurations = (
				B1874D681CE41A1100FEC597 /* Debug */,
				B1874D691CE41A1100FEC597 /* Release */,
			);
			defaultConfigurationIsVisible = 0;
		};
		B1874D6A1CE41A1100FEC597 /* Build configuration list for PBXNativeTarget "tieuhoc6UITests" */ = {
			isa = XCConfigurationList;
			buildConfigurations = (
				B1874D6B1CE41A1100FEC597 /* Debug */,
				B1874D6C1CE41A1100FEC597 /* Release */,
			);
			defaultConfigurationIsVisible = 0;
		};
/* End XCConfigurationList section */
	};
	rootObject = B1874D341CE41A1100FEC597 /* Project object */;
}
